{
  "name": "miniprogram-template",
  "version": "1.0.0",
  "lockfileVersion": 2,
  "requires": true,
  "packages": {
    "": {
      "name": "miniprogram-template",
      "version": "1.0.0",
      "license": "ISC",
      "dependencies": {
        "apifm-wxapi": "^24.11.20",
        "wx-promise-pro": "^3.2.4"
      }
    },
    "node_modules/apifm-wxapi": {
      "version": "24.11.20",
      "resolved": "https://registry.npmmirror.com/apifm-wxapi/-/apifm-wxapi-24.11.20.tgz",
      "integrity": "sha512-z40xeNFOsH7odpI2noXaU/RzXF/Gv9L4mdSoZPCTHD1K3PB1zJudk3gH4QPCPfUNT1qmiDwnxHq0aljs+obS/A=="
    },
    "node_modules/wx-promise-pro": {
      "version": "3.2.4",
      "resolved": "https://registry.npmmirror.com/wx-promise-pro/-/wx-promise-pro-3.2.4.tgz",
      "integrity": "sha512-MlMutHEUzMGXwefUt7xusr4UNs6s5/52ZUVjmwe1BBLmwz+4eUDw5jIzoHqwhBBKtagMdrn7V5aHFH8vxgeNiQ=="
    }
  },
  "dependencies": {
    "apifm-wxapi": {
      "version": "24.11.20",
      "resolved": "https://registry.npmmirror.com/apifm-wxapi/-/apifm-wxapi-24.11.20.tgz",
      "integrity": "sha512-z40xeNFOsH7odpI2noXaU/RzXF/Gv9L4mdSoZPCTHD1K3PB1zJudk3gH4QPCPfUNT1qmiDwnxHq0aljs+obS/A=="
    },
    "wx-promise-pro": {
      "version": "3.2.4",
      "resolved": "https://registry.npmmirror.com/wx-promise-pro/-/wx-promise-pro-3.2.4.tgz",
      "integrity": "sha512-MlMutHEUzMGXwefUt7xusr4UNs6s5/52ZUVjmwe1BBLmwz+4eUDw5jIzoHqwhBBKtagMdrn7V5aHFH8vxgeNiQ=="
    }
  }
}
