{
  "name": "miniprogram-template",
  "version": "1.0.0",
  "lockfileVersion": 2,
  "requires": true,
  "packages": {
    "": {
      "name": "miniprogram-template",
      "version": "1.0.0",
      "license": "ISC",
      "dependencies": {
        "apifm-wxapi": "^24.11.20",
        "miniprogram-computed": "^6.0.1",
        "mobx-miniprogram": "^6.12.3",
        "mobx-miniprogram-bindings": "^5.0.0",
        "wx-promise-pro": "^3.2.4"
      }
    },
    "node_modules/apifm-wxapi": {
      "version": "24.11.20",
      "resolved": "https://registry.npmmirror.com/apifm-wxapi/-/apifm-wxapi-24.11.20.tgz",
      "integrity": "sha512-z40xeNFOsH7odpI2noXaU/RzXF/Gv9L4mdSoZPCTHD1K3PB1zJudk3gH4QPCPfUNT1qmiDwnxHq0aljs+obS/A=="
    },
    "node_modules/fast-deep-equal": {
      "version": "3.1.3",
      "resolved": "https://registry.npmmirror.com/fast-deep-equal/-/fast-deep-equal-3.1.3.tgz",
      "integrity": "sha512-f3qQ9oQy9j2AhBe/H9VC91wLmKBCCU/gDOnKNAYG5hswO7BLKj09Hc5HYNz9cGI++xlpDCIgDaitVs03ATR84Q=="
    },
    "node_modules/miniprogram-api-typings": {
      "version": "4.0.2",
      "resolved": "https://registry.npmmirror.com/miniprogram-api-typings/-/miniprogram-api-typings-4.0.2.tgz",
      "integrity": "sha512-hDrWCaJamsMB6Sg+0oMzGgSOse8EzumfN+VQFBKtJe2LbeKibGruB/ptNd4viXdcdgfahQ+Ji5Z9v9meoG9iuw==",
      "peer": true
    },
    "node_modules/miniprogram-computed": {
      "version": "6.0.1",
      "resolved": "https://registry.npmmirror.com/miniprogram-computed/-/miniprogram-computed-6.0.1.tgz",
      "integrity": "sha512-pQ1nL3TwBeaNYqDkBExAVmA1tJZOIrSmw44z0DX+BarR1CIckUAAAnLi6KgDLVUEewchvCga5fSoJXQs9CBI2Q==",
      "dependencies": {
        "fast-deep-equal": "^3.1.3",
        "rfdc": "^1.3.1"
      },
      "peerDependencies": {
        "miniprogram-api-typings": "^4.0.0"
      }
    },
    "node_modules/mobx-miniprogram": {
      "version": "6.12.3",
      "resolved": "https://registry.npmmirror.com/mobx-miniprogram/-/mobx-miniprogram-6.12.3.tgz",
      "integrity": "sha512-GEq1EG7jZPnrHYV43oppa6jY9lgbNRuGPiXyOFRoluHjd5LIGBf3a+zXMjzO1AVwrFOWvVRazxtzfiRXMUUqZw==",
      "funding": {
        "type": "opencollective",
        "url": "https://opencollective.com/mobx"
      }
    },
    "node_modules/mobx-miniprogram-bindings": {
      "version": "5.0.0",
      "resolved": "https://registry.npmmirror.com/mobx-miniprogram-bindings/-/mobx-miniprogram-bindings-5.0.0.tgz",
      "integrity": "sha512-/xj+osYXwiUXgDYmPCQ/oh3ntZqmH+bkHzzoRJPhJfauKgQxrjiUsGZaBhOx3w83kKo0bQyQdkE0dZQBhw/1ZA==",
      "peerDependencies": {
        "miniprogram-api-typings": "^4.0.1",
        "mobx-miniprogram": "^6.0.0"
      }
    },
    "node_modules/rfdc": {
      "version": "1.4.1",
      "resolved": "https://registry.npmmirror.com/rfdc/-/rfdc-1.4.1.tgz",
      "integrity": "sha512-q1b3N5QkRUWUl7iyylaaj3kOpIT0N2i9MqIEQXP73GVsN9cw3fdx8X63cEmWhJGi2PPCF23Ijp7ktmd39rawIA=="
    },
    "node_modules/wx-promise-pro": {
      "version": "3.2.4",
      "resolved": "https://registry.npmmirror.com/wx-promise-pro/-/wx-promise-pro-3.2.4.tgz",
      "integrity": "sha512-MlMutHEUzMGXwefUt7xusr4UNs6s5/52ZUVjmwe1BBLmwz+4eUDw5jIzoHqwhBBKtagMdrn7V5aHFH8vxgeNiQ=="
    }
  },
  "dependencies": {
    "apifm-wxapi": {
      "version": "24.11.20",
      "resolved": "https://registry.npmmirror.com/apifm-wxapi/-/apifm-wxapi-24.11.20.tgz",
      "integrity": "sha512-z40xeNFOsH7odpI2noXaU/RzXF/Gv9L4mdSoZPCTHD1K3PB1zJudk3gH4QPCPfUNT1qmiDwnxHq0aljs+obS/A=="
    },
    "fast-deep-equal": {
      "version": "3.1.3",
      "resolved": "https://registry.npmmirror.com/fast-deep-equal/-/fast-deep-equal-3.1.3.tgz",
      "integrity": "sha512-f3qQ9oQy9j2AhBe/H9VC91wLmKBCCU/gDOnKNAYG5hswO7BLKj09Hc5HYNz9cGI++xlpDCIgDaitVs03ATR84Q=="
    },
    "miniprogram-api-typings": {
      "version": "4.0.2",
      "resolved": "https://registry.npmmirror.com/miniprogram-api-typings/-/miniprogram-api-typings-4.0.2.tgz",
      "integrity": "sha512-hDrWCaJamsMB6Sg+0oMzGgSOse8EzumfN+VQFBKtJe2LbeKibGruB/ptNd4viXdcdgfahQ+Ji5Z9v9meoG9iuw==",
      "peer": true
    },
    "miniprogram-computed": {
      "version": "6.0.1",
      "resolved": "https://registry.npmmirror.com/miniprogram-computed/-/miniprogram-computed-6.0.1.tgz",
      "integrity": "sha512-pQ1nL3TwBeaNYqDkBExAVmA1tJZOIrSmw44z0DX+BarR1CIckUAAAnLi6KgDLVUEewchvCga5fSoJXQs9CBI2Q==",
      "requires": {
        "fast-deep-equal": "^3.1.3",
        "rfdc": "^1.3.1"
      }
    },
    "mobx-miniprogram": {
      "version": "6.12.3",
      "resolved": "https://registry.npmmirror.com/mobx-miniprogram/-/mobx-miniprogram-6.12.3.tgz",
      "integrity": "sha512-GEq1EG7jZPnrHYV43oppa6jY9lgbNRuGPiXyOFRoluHjd5LIGBf3a+zXMjzO1AVwrFOWvVRazxtzfiRXMUUqZw=="
    },
    "mobx-miniprogram-bindings": {
      "version": "5.0.0",
      "resolved": "https://registry.npmmirror.com/mobx-miniprogram-bindings/-/mobx-miniprogram-bindings-5.0.0.tgz",
      "integrity": "sha512-/xj+osYXwiUXgDYmPCQ/oh3ntZqmH+bkHzzoRJPhJfauKgQxrjiUsGZaBhOx3w83kKo0bQyQdkE0dZQBhw/1ZA==",
      "requires": {}
    },
    "rfdc": {
      "version": "1.4.1",
      "resolved": "https://registry.npmmirror.com/rfdc/-/rfdc-1.4.1.tgz",
      "integrity": "sha512-q1b3N5QkRUWUl7iyylaaj3kOpIT0N2i9MqIEQXP73GVsN9cw3fdx8X63cEmWhJGi2PPCF23Ijp7ktmd39rawIA=="
    },
    "wx-promise-pro": {
      "version": "3.2.4",
      "resolved": "https://registry.npmmirror.com/wx-promise-pro/-/wx-promise-pro-3.2.4.tgz",
      "integrity": "sha512-MlMutHEUzMGXwefUt7xusr4UNs6s5/52ZUVjmwe1BBLmwz+4eUDw5jIzoHqwhBBKtagMdrn7V5aHFH8vxgeNiQ=="
    }
  }
}
