{
  "name": "miniprogram-template",
  "version": "1.0.0",
  "lockfileVersion": 2,
  "requires": true,
  "packages": {
    "": {
      "name": "miniprogram-template",
      "version": "1.0.0",
      "license": "ISC",
      "dependencies": {
        "lodash": "^4.17.21",
        "wx-promise-pro": "^3.2.4"
      }
    },
    "node_modules/lodash": {
      "version": "4.17.21",
      "resolved": "https://registry.npmmirror.com/lodash/-/lodash-4.17.21.tgz",
      "integrity": "sha512-v2kDEe57lecTulaDIuNTPy3Ry4gLGJ6Z1O3vE1krgXZNrsQ+LFTGHVxVjcXPs17LhbZVGedAJv8XZ1tvj5FvSg=="
    },
    "node_modules/wx-promise-pro": {
      "version": "3.2.4",
      "resolved": "https://registry.npmmirror.com/wx-promise-pro/-/wx-promise-pro-3.2.4.tgz",
      "integrity": "sha512-MlMutHEUzMGXwefUt7xusr4UNs6s5/52ZUVjmwe1BBLmwz+4eUDw5jIzoHqwhBBKtagMdrn7V5aHFH8vxgeNiQ=="
    }
  },
  "dependencies": {
    "lodash": {
      "version": "4.17.21",
      "resolved": "https://registry.npmmirror.com/lodash/-/lodash-4.17.21.tgz",
      "integrity": "sha512-v2kDEe57lecTulaDIuNTPy3Ry4gLGJ6Z1O3vE1krgXZNrsQ+LFTGHVxVjcXPs17LhbZVGedAJv8XZ1tvj5FvSg=="
    },
    "wx-promise-pro": {
      "version": "3.2.4",
      "resolved": "https://registry.npmmirror.com/wx-promise-pro/-/wx-promise-pro-3.2.4.tgz",
      "integrity": "sha512-MlMutHEUzMGXwefUt7xusr4UNs6s5/52ZUVjmwe1BBLmwz+4eUDw5jIzoHqwhBBKtagMdrn7V5aHFH8vxgeNiQ=="
    }
  }
}
